
Microsoft Visual Studio Solution File, Format Version 12.00
# Visual Studio Version 17
VisualStudioVersion = 17.4.33110.190
MinimumVisualStudioVersion = 10.0.40219.1
Project("{FAE04EC0-301F-11D3-BF4B-00C04F79EFBC}") = "UserRegistrationUsingRegex", "UserRegistrationUsingRegex\UserRegistrationUsingRegex.csproj", "{7ABBFA9B-97CC-434A-8266-E4CACD757953}"
EndProject
Global
	GlobalSection(SolutionConfigurationPlatforms) = preSolution
		Debug|Any CPU = Debug|Any CPU
		Release|Any CPU = Release|Any CPU
	EndGlobalSection
	GlobalSection(ProjectConfigurationPlatforms) = postSolution
		{7ABBFA9B-97CC-434A-8266-E4CACD757953}.Debug|Any CPU.ActiveCfg = Debug|Any CPU
		{7ABBFA9B-97CC-434A-8266-E4CACD757953}.Debug|Any CPU.Build.0 = Debug|Any CPU
		{7ABBFA9B-97CC-434A-8266-E4CACD757953}.Release|Any CPU.ActiveCfg = Release|Any CPU
		{7ABBFA9B-97CC-434A-8266-E4CACD757953}.Release|Any CPU.Build.0 = Release|Any CPU
	EndGlobalSection
	GlobalSection(SolutionProperties) = preSolution
		HideSolutionNode = FALSE
	EndGlobalSection
	GlobalSection(ExtensibilityGlobals) = postSolution
		SolutionGuid = {73891D01-E240-496C-9AEB-697F43F33268}
	EndGlobalSection
EndGlobal
